
Microsoft Visual Studio Solution File, Format Version 12.00
# Visual Studio 15
VisualStudioVersion = 15.0.27703.2018
MinimumVisualStudioVersion = 10.0.40219.1
Project("{8BC9CEB8-8B4A-11D0-8D11-00A0C91BC942}") = "数值积分", "数值积分\数值积分.vcxproj", "{E5216315-E456-49C7-97C2-863293E5345E}"
EndProject
Global
	GlobalSection(SolutionConfigurationPlatforms) = preSolution
		Debug|x64 = Debug|x64
		Debug|x86 = Debug|x86
		Release|x64 = Release|x64
		Release|x86 = Release|x86
	EndGlobalSection
	GlobalSection(ProjectConfigurationPlatforms) = postSolution
		{E5216315-E456-49C7-97C2-863293E5345E}.Debug|x64.ActiveCfg = Debug|x64
		{E5216315-E456-49C7-97C2-863293E5345E}.Debug|x64.Build.0 = Debug|x64
		{E5216315-E456-49C7-97C2-863293E5345E}.Debug|x86.ActiveCfg = Debug|Win32
		{E5216315-E456-49C7-97C2-863293E5345E}.Debug|x86.Build.0 = Debug|Win32
		{E5216315-E456-49C7-97C2-863293E5345E}.Release|x64.ActiveCfg = Release|x64
		{E5216315-E456-49C7-97C2-863293E5345E}.Release|x64.Build.0 = Release|x64
		{E5216315-E456-49C7-97C2-863293E5345E}.Release|x86.ActiveCfg = Release|Win32
		{E5216315-E456-49C7-97C2-863293E5345E}.Release|x86.Build.0 = Release|Win32
	EndGlobalSection
	GlobalSection(SolutionProperties) = preSolution
		HideSolutionNode = FALSE
	EndGlobalSection
	GlobalSection(ExtensibilityGlobals) = postSolution
		SolutionGuid = {4916F22E-B35A-4923-AB08-871E92D937A5}
	EndGlobalSection
EndGlobal
